<?xml version="1.0" encoding="UTF-8"?>
<Scheme
   LastUpgradeVersion = "1520"
   version = "1.8">
   <BuildAction
      parallelizeBuildables = "YES"
      buildImplicitDependencies = "YES">
      <BuildActionEntries>
         <BuildActionEntry
            buildForTesting = "YES"
            buildForRunning = "YES"
            buildForProfiling = "YES"
            buildForArchiving = "YES"
            buildForAnalyzing = "YES">
            <BuildableReference
               BuildableIdentifier = "primary"
               BlueprintIdentifier = "39DA496911A2060200789D29"
               BuildableName = "BTLB &#x3b1;.app"
               BlueprintName = "BTLB"
               ReferencedContainer = "container:BTLB.xcodeproj">
            </BuildableReference>
         </BuildActionEntry>
      </BuildActionEntries>
   </BuildAction>
   <TestAction
      buildConfiguration = "Debug"
      selectedDebuggerIdentifier = "Xcode.DebuggerFoundation.Debugger.LLDB"
      selectedLauncherIdentifier = "Xcode.DebuggerFoundation.Launcher.LLDB"
      shouldUseLaunchSchemeArgsEnv = "YES"
      language = "de"
      region = "DE"
      codeCoverageEnabled = "YES">
      <MacroExpansion>
         <BuildableReference
            BuildableIdentifier = "primary"
            BlueprintIdentifier = "39DA496911A2060200789D29"
            BuildableName = "BTLB &#x3b1;.app"
            BlueprintName = "BTLB"
            ReferencedContainer = "container:BTLB.xcodeproj">
         </BuildableReference>
      </MacroExpansion>
      <TestPlans>
         <TestPlanReference
            reference = "container:BTLB.xctestplan"
            default = "YES">
         </TestPlanReference>
      </TestPlans>
      <Testables>
         <TestableReference
            skipped = "YES"
            testExecutionOrdering = "random">
            <BuildableReference
               BuildableIdentifier = "primary"
               BlueprintIdentifier = "3B263C5A1F84D3B60032159A"
               BuildableName = "BTLBUITests.xctest"
               BlueprintName = "BTLBUITests"
               ReferencedContainer = "container:BTLB.xcodeproj">
            </BuildableReference>
         </TestableReference>
         <TestableReference
            skipped = "NO"
            parallelizable = "YES"
            testExecutionOrdering = "random">
            <BuildableReference
               BuildableIdentifier = "primary"
               BlueprintIdentifier = "3BB68AB91FFFA3DF00A1F616"
               BuildableName = "BTLBTests.xctest"
               BlueprintName = "BTLBTests"
               ReferencedContainer = "container:BTLB.xcodeproj">
            </BuildableReference>
            <SkippedTests>
               <Test
                  Identifier = "RenewalParserTests/testRenewalFailureUnexpectedData()">
               </Test>
            </SkippedTests>
         </TestableReference>
         <TestableReference
            skipped = "NO">
            <BuildableReference
               BuildableIdentifier = "primary"
               BlueprintIdentifier = "AccountsTests"
               BuildableName = "AccountsTests"
               BlueprintName = "AccountsTests"
               ReferencedContainer = "container:Packages/Accounts">
            </BuildableReference>
         </TestableReference>
         <TestableReference
            skipped = "NO">
            <BuildableReference
               BuildableIdentifier = "primary"
               BlueprintIdentifier = "BookmarksTests"
               BuildableName = "BookmarksTests"
               BlueprintName = "BookmarksTests"
               ReferencedContainer = "container:Packages/Bookmarks">
            </BuildableReference>
         </TestableReference>
         <TestableReference
            skipped = "NO">
            <BuildableReference
               BuildableIdentifier = "primary"
               BlueprintIdentifier = "BTLBIntentsTests"
               BuildableName = "BTLBIntentsTests"
               BlueprintName = "BTLBIntentsTests"
               ReferencedContainer = "container:Packages/BTLBIntents">
            </BuildableReference>
         </TestableReference>
         <TestableReference
            skipped = "NO">
            <BuildableReference
               BuildableIdentifier = "primary"
               BlueprintIdentifier = "BTLBSettingsTests"
               BuildableName = "BTLBSettingsTests"
               BlueprintName = "BTLBSettingsTests"
               ReferencedContainer = "container:Packages/BTLBSettings">
            </BuildableReference>
         </TestableReference>
      </Testables>
   </TestAction>
   <LaunchAction
      buildConfiguration = "Debug"
      selectedDebuggerIdentifier = "Xcode.DebuggerFoundation.Debugger.LLDB"
      selectedLauncherIdentifier = "Xcode.DebuggerFoundation.Launcher.LLDB"
      enableASanStackUseAfterReturn = "YES"
      enableUBSanitizer = "YES"
      language = "de"
      region = "DE"
      launchStyle = "0"
      useCustomWorkingDirectory = "NO"
      ignoresPersistentStateOnLaunch = "NO"
      debugDocumentVersioning = "YES"
      migratedStopOnEveryIssue = "YES"
      debugServiceExtension = "internal"
      allowLocationSimulation = "YES">
      <BuildableProductRunnable
         runnableDebuggingMode = "0">
         <BuildableReference
            BuildableIdentifier = "primary"
            BlueprintIdentifier = "39DA496911A2060200789D29"
            BuildableName = "BTLB &#x3b1;.app"
            BlueprintName = "BTLB"
            ReferencedContainer = "container:BTLB.xcodeproj">
         </BuildableReference>
      </BuildableProductRunnable>
      <CommandLineArguments>
         <CommandLineArgument
            argument = "-com.apple.CoreData.ConcurrencyDebug 1"
            isEnabled = "YES">
         </CommandLineArgument>
         <CommandLineArgument
            argument = "-AppleLanguages (German)"
            isEnabled = "YES">
         </CommandLineArgument>
         <CommandLineArgument
            argument = "-AppleLanguages (English)"
            isEnabled = "NO">
         </CommandLineArgument>
      </CommandLineArguments>
      <EnvironmentVariables>
         <EnvironmentVariable
            key = "OS_ACTIVITY_MODE"
            value = "enable"
            isEnabled = "YES">
         </EnvironmentVariable>
         <EnvironmentVariable
            key = "STUB_NAME"
            value = "debug-run"
            isEnabled = "YES">
         </EnvironmentVariable>
         <EnvironmentVariable
            key = "STUB_PATH"
            value = "/Users/kim/Development/github/btlb/stubs"
            isEnabled = "YES">
         </EnvironmentVariable>
         <EnvironmentVariable
            key = "PROJECT_DIR"
            value = "${PROJECT_DIR}"
            isEnabled = "YES">
         </EnvironmentVariable>
         <EnvironmentVariable
            key = "IDEPreferLogStreaming"
            value = "YES"
            isEnabled = "YES">
         </EnvironmentVariable>
      </EnvironmentVariables>
      <LocationScenarioReference
         identifier = "Berlin, Germany"
         referenceType = "1">
      </LocationScenarioReference>
   </LaunchAction>
   <ProfileAction
      buildConfiguration = "Release"
      shouldUseLaunchSchemeArgsEnv = "YES"
      savedToolIdentifier = ""
      useCustomWorkingDirectory = "NO"
      debugDocumentVersioning = "YES">
      <BuildableProductRunnable
         runnableDebuggingMode = "0">
         <BuildableReference
            BuildableIdentifier = "primary"
            BlueprintIdentifier = "39DA496911A2060200789D29"
            BuildableName = "BTLB &#x3b1;.app"
            BlueprintName = "BTLB"
            ReferencedContainer = "container:BTLB.xcodeproj">
         </BuildableReference>
      </BuildableProductRunnable>
   </ProfileAction>
   <AnalyzeAction
      buildConfiguration = "Debug">
   </AnalyzeAction>
   <ArchiveAction
      buildConfiguration = "Release"
      revealArchiveInOrganizer = "YES">
   </ArchiveAction>
</Scheme>
